# This file is automatically @generated by Cargo.
# It is not intended for manual editing.
version = 4

[[package]]
name = "decx-apk"
version = "0.1.0"

[[package]]
name = "decx-core"
version = "0.1.0"
dependencies = [
 "decx-apk",
 "decx-engine",
 "decx-json",
]

[[package]]
name = "decx-engine"
version = "0.1.0"
dependencies = [
 "decx-apk",
]

[[package]]
name = "decx-json"
version = "0.1.0"

[[package]]
name = "decx-server"
version = "0.1.0"
dependencies = [
 "decx-apk",
 "decx-core",
 "decx-json",
 "decx-taint",
]

[[package]]
name = "decx-taint"
version = "0.1.0"
dependencies = [
 "decx-core",
 "decx-json",
]
